
Microsoft Visual Studio Solution File, Format Version 12.00
# Visual Studio Version 16
VisualStudioVersion = 16.0.810.21
MinimumVisualStudioVersion = 10.0.40219.1
Project("{FAE04EC0-301F-11D3-BF4B-00C04F79EFBC}") = "Client", "Client\Client.csproj", "{76CCDFC4-7785-4CB9-B200-B486EC7088FC}"
EndProject
Global
	GlobalSection(SolutionConfigurationPlatforms) = preSolution
		Debug|anycpu = Debug|anycpu
		Release|anycpu = Release|anycpu
	EndGlobalSection
	GlobalSection(ProjectConfigurationPlatforms) = postSolution
		{76CCDFC4-7785-4CB9-B200-B486EC7088FC}.Debug|anycpu.ActiveCfg = Debug|anycpu
		{76CCDFC4-7785-4CB9-B200-B486EC7088FC}.Debug|anycpu.Build.0 = Debug|anycpu
		{76CCDFC4-7785-4CB9-B200-B486EC7088FC}.Release|anycpu.ActiveCfg = Release|anycpu
		{76CCDFC4-7785-4CB9-B200-B486EC7088FC}.Release|anycpu.Build.0 = Release|anycpu
	EndGlobalSection
	GlobalSection(SolutionProperties) = preSolution
		HideSolutionNode = FALSE
	EndGlobalSection
	GlobalSection(ExtensibilityGlobals) = postSolution
		SolutionGuid = {DF35AEEA-FD52-43E0-AA3F-ECF78F88595E}
	EndGlobalSection
EndGlobal
