
Microsoft Visual Studio Solution File, Format Version 12.00
# Visual Studio Version 16
VisualStudioVersion = 16.0.810.21
MinimumVisualStudioVersion = 10.0.40219.1
Project("{FAE04EC0-301F-11D3-BF4B-00C04F79EFBC}") = "Server", "Server\Server.csproj", "{94E47799-3D8A-49EB-8B91-B1BBD4E40FAB}"
EndProject
Global
	GlobalSection(SolutionConfigurationPlatforms) = preSolution
		Debug|anycpu = Debug|anycpu
		Release|anycpu = Release|anycpu
	EndGlobalSection
	GlobalSection(ProjectConfigurationPlatforms) = postSolution
		{94E47799-3D8A-49EB-8B91-B1BBD4E40FAB}.Debug|anycpu.ActiveCfg = Debug|anycpu
		{94E47799-3D8A-49EB-8B91-B1BBD4E40FAB}.Debug|anycpu.Build.0 = Debug|anycpu
		{94E47799-3D8A-49EB-8B91-B1BBD4E40FAB}.Release|anycpu.ActiveCfg = Release|anycpu
		{94E47799-3D8A-49EB-8B91-B1BBD4E40FAB}.Release|anycpu.Build.0 = Release|anycpu
	EndGlobalSection
	GlobalSection(SolutionProperties) = preSolution
		HideSolutionNode = FALSE
	EndGlobalSection
	GlobalSection(ExtensibilityGlobals) = postSolution
		SolutionGuid = {C6B7C6D9-5594-4F13-9900-6BB5B744E562}
	EndGlobalSection
EndGlobal
